# THIS IS AN AUTOGENERATED FILE. DO NOT EDIT THIS FILE DIRECTLY.
# yarn lockfile v1


"@bbva-web-components/bbva-amount@^9.0.0", "@bbva-web-components/bbva-amount@^9.10.0":
  version "9.10.0"
  resolved "https://globaldevtools.bbva.com:443/artifactory/api/npm/npm-repo/@bbva-web-components/bbva-amount/-/@bbva-web-components/bbva-amount-9.10.0.tgz#75869ecf752a41b59714a1244f5605f09bc28c59"
  integrity sha1-dYaez3UqQbWXFKEkT1YF8JvCjFk=
  dependencies:
    "@bbva-web-components/bbva-core-amount-currency-mixin" "^1.0.0"
    "@bbva-web-components/bbva-core-amount-format-mixin" "^1.0.0"
    "@bbva-web-components/bbva-core-lit-helpers" "^1.0.0"
    "@bbva-web-components/bbva-foundations-styles" "^2.0.0"
    lit-element "^2.0.0"
    lit-html "^1.0.0"

"@bbva-web-components/bbva-badge-default@^5.0.0":
  version "5.0.2"
  resolved "https://globaldevtools.bbva.com:443/artifactory/api/npm/npm-repo/@bbva-web-components/bbva-badge-default/-/@bbva-web-components/bbva-badge-default-5.0.2.tgz#0e80e4916797a1e59e496f4d9e1a0da6fbfaf2d9"
  integrity sha1-DoDkkWeXoeWeSW9NnhoNpvv68tk=
  dependencies:
    "@bbva-web-components/bbva-core-intl-mixin" "^1.0.0"
    "@bbva-web-components/bbva-core-lit-helpers" "^1.0.0"
    "@bbva-web-components/bbva-foundations-styles" "^2.0.0"
    lit-element "^2.0.0"
    lit-html "^1.0.0"

"@bbva-web-components/bbva-badge-highlight@^1.3.8":
  version "1.3.8"
  resolved "https://globaldevtools.bbva.com:443/artifactory/api/npm/npm-repo/@bbva-web-components/bbva-badge-highlight/-/@bbva-web-components/bbva-badge-highlight-1.3.8.tgz#ac5b753918f841a01fbb09712c8e6a91f25e328d"
  integrity sha1-rFt1ORj4QaAfuwlxLI5qkfJeMo0=
  dependencies:
    "@bbva-web-components/bbva-core-lit-helpers" "^1.0.0"
    "@bbva-web-components/bbva-foundations-styles" "^2.0.0"
    "@bbva-web-components/bbva-text" "^1.12.2"
    lit-element "^2.0.0"

"@bbva-web-components/bbva-badge-notification@^4.0.0":
  version "4.1.0"
  resolved "https://globaldevtools.bbva.com:443/artifactory/api/npm/npm-repo/@bbva-web-components/bbva-badge-notification/-/@bbva-web-components/bbva-badge-notification-4.1.0.tgz#6f7bf2d7e012c037c01cdc141fa9b7a8e634d7ef"
  integrity sha1-b3vy1+ASwDfAHNwUH6m3qOY01+8=
  dependencies:
    "@bbva-web-components/bbva-core-lit-helpers" "^1.0.0"
    "@bbva-web-components/bbva-foundations-styles" "^2.0.0"
    lit-element "^2.0.0"
    lit-html "^1.0.0"

"@bbva-web-components/bbva-badge-variability@^1.3.0":
  version "1.3.0"
  resolved "https://globaldevtools.bbva.com:443/artifactory/api/npm/npm-repo/@bbva-web-components/bbva-badge-variability/-/@bbva-web-components/bbva-badge-variability-1.3.0.tgz#858632380808f9020a99eb83ee7de3f563c5f2fe"
  integrity sha1-hYYyOAgI+QIKmeuD7n3j9WPF8v4=
  dependencies:
    "@bbva-web-components/bbva-core-icon" "^1.0.0"
    "@bbva-web-components/bbva-core-intl-mixin" "^1.0.0"
    "@bbva-web-components/bbva-core-lit-helpers" "^1.0.0"
    "@bbva-web-components/bbva-foundations-icons" "^1.0.0"
    "@bbva-web-components/bbva-foundations-styles" "^2.0.0"
    lit-element "^2.0.0"

"@bbva-web-components/bbva-button-default@^5.9.13", "@bbva-web-components/bbva-button-default@~5.9.13":
  version "5.9.13"
  resolved "https://globaldevtools.bbva.com:443/artifactory/api/npm/npm-repo/@bbva-web-components/bbva-button-default/-/@bbva-web-components/bbva-button-default-5.9.13.tgz#9f69d971cca7605e116a05fe476cb55ee01b5fcf"
  integrity sha1-n2nZccynYF4RagX+R2y1XuAbX88=
  dependencies:
    "@bbva-web-components/bbva-core-action" "^2.0.0"
    "@bbva-web-components/bbva-core-lit-helpers" "^1.0.0"
    "@bbva-web-components/bbva-foundations-styles" "^2.0.0"
    lit-element "^2.0.0"

"@bbva-web-components/bbva-button-icon@^4.0.0", "@bbva-web-components/bbva-button-icon@^4.11.1":
  version "4.11.1"
  resolved "https://globaldevtools.bbva.com:443/artifactory/api/npm/npm-repo/@bbva-web-components/bbva-button-icon/-/@bbva-web-components/bbva-button-icon-4.11.1.tgz#f5c6900e87c589ff3d870f581e43620fcf98a6b8"
  integrity sha1-9caQDofFif89hw9YHkNiD8+Yprg=
  dependencies:
    "@bbva-web-components/bbva-core-action" "^2.0.0"
    "@bbva-web-components/bbva-core-icon" "^1.0.0"
    "@bbva-web-components/bbva-core-lit-helpers" "^1.0.0"
    "@bbva-web-components/bbva-foundations-styles" "^2.0.0"
    lit-element "^2.0.0"

"@bbva-web-components/bbva-clip-box@^4.4.0":
  version "4.4.0"
  resolved "https://globaldevtools.bbva.com:443/artifactory/api/npm/npm-repo/@bbva-web-components/bbva-clip-box/-/@bbva-web-components/bbva-clip-box-4.4.0.tgz#853eafeaed8435b9ff47cc0184c4d6a132695930"
  integrity sha1-hT6v6u2ENbn/R8wBhMTWoTJpWTA=
  dependencies:
    "@bbva-web-components/bbva-core-icon" "^1.0.0"
    "@bbva-web-components/bbva-core-intl-mixin" "^1.0.0"
    "@bbva-web-components/bbva-core-lit-helpers" "^1.0.0"
    "@bbva-web-components/bbva-foundations-styles" "^2.0.0"
    lit-element "^2.0.0"
    lit-html "^1.0.0"

"@bbva-web-components/bbva-clip-entities@^3.0.0":
  version "3.18.0"
  resolved "https://globaldevtools.bbva.com:443/artifactory/api/npm/npm-repo/@bbva-web-components/bbva-clip-entities/-/@bbva-web-components/bbva-clip-entities-3.18.0.tgz#c1303e7e852ed0610f70e5af11ca82440811c5c3"
  integrity sha1-wTA+foUu0GEPcOWvEcqCRAgRxcM=
  dependencies:
    "@bbva-web-components/bbva-core-icon" "^1.0.0"
    "@bbva-web-components/bbva-core-lit-helpers" "^1.0.0"
    "@bbva-web-components/bbva-foundations-entities" "^1.0.0"
    "@bbva-web-components/bbva-foundations-styles" "^2.0.0"
    lit-element "^2.0.0"

"@bbva-web-components/bbva-core-action@^2.0.0":
  version "2.0.6"
  resolved "https://globaldevtools.bbva.com:443/artifactory/api/npm/npm-repo/@bbva-web-components/bbva-core-action/-/@bbva-web-components/bbva-core-action-2.0.6.tgz#39ea120a3db00240a0a49ef410c983e95080abcf"
  integrity sha1-OeoSCj2wAkCgpJ70EMmD6VCAq88=
  dependencies:
    "@bbva-web-components/bbva-core-delegate-attributes-mixin" "^1.1.5"
    "@bbva-web-components/bbva-core-focus-visible-mixin" "^1.0.15"
    "@bbva-web-components/bbva-core-lit-helpers" "^1.3.0"
    lit-element "^2.0.0"
    lit-html "^1.0.0"

"@bbva-web-components/bbva-core-amount-currency-mixin@^1.0.0":
  version "1.0.5"
  resolved "https://globaldevtools.bbva.com:443/artifactory/api/npm/npm-repo/@bbva-web-components/bbva-core-amount-currency-mixin/-/@bbva-web-components/bbva-core-amount-currency-mixin-1.0.5.tgz#3465706eed32012b653333f8b3db4cdae1748ffd"
  integrity sha1-NGVwbu0yAStlMzP4s9tM2uF0j/0=
  dependencies:
    "@bbva-web-components/bbva-core-amount-mixin" "^1.3.4"
    "@bbva-web-components/bbva-core-lit-helpers" "^1.3.0"

"@bbva-web-components/bbva-core-amount-format-mixin@^1.0.0":
  version "1.0.5"
  resolved "https://globaldevtools.bbva.com:443/artifactory/api/npm/npm-repo/@bbva-web-components/bbva-core-amount-format-mixin/-/@bbva-web-components/bbva-core-amount-format-mixin-1.0.5.tgz#86404f89488ff79a55e4e8a4aadb8e822f06aa73"
  integrity sha1-hkBPiUiP95pV5OikqtuOgi8GqnM=
  dependencies:
    "@bbva-web-components/bbva-core-amount-mixin" "^1.3.4"
    "@bbva-web-components/bbva-core-lit-helpers" "^1.3.0"

"@bbva-web-components/bbva-core-amount-mixin@^1.0.0", "@bbva-web-components/bbva-core-amount-mixin@^1.3.4":
  version "1.3.4"
  resolved "https://globaldevtools.bbva.com:443/artifactory/api/npm/npm-repo/@bbva-web-components/bbva-core-amount-mixin/-/@bbva-web-components/bbva-core-amount-mixin-1.3.4.tgz#ae479d7b43bc0bcbabd6adff218b0b15fe696acd"
  integrity sha1-rkede0O8C8ur1q3/IYsLFf5pas0=
  dependencies:
    "@bbva-web-components/bbva-core-lit-helpers" "^1.3.0"

"@bbva-web-components/bbva-core-delegate-attributes-mixin@^1.1.5":
  version "1.1.5"
  resolved "https://globaldevtools.bbva.com:443/artifactory/api/npm/npm-repo/@bbva-web-components/bbva-core-delegate-attributes-mixin/-/@bbva-web-components/bbva-core-delegate-attributes-mixin-1.1.5.tgz#dc8a1e1aa7cf913cd520ae334864eae0d433c6f3"
  integrity sha1-3IoeGqfPkTzVIK4zSGTq4NQzxvM=
  dependencies:
    "@bbva-web-components/bbva-core-lit-helpers" "^1.3.0"
    lit-element "^2.0.0"

"@bbva-web-components/bbva-core-focus-visible-mixin@^1.0.0", "@bbva-web-components/bbva-core-focus-visible-mixin@^1.0.15":
  version "1.0.15"
  resolved "https://globaldevtools.bbva.com:443/artifactory/api/npm/npm-repo/@bbva-web-components/bbva-core-focus-visible-mixin/-/@bbva-web-components/bbva-core-focus-visible-mixin-1.0.15.tgz#6b7fc0e69bed8cf3ba43da83b6f6e604dc09a7b4"
  integrity sha1-a3/A5pvtjPO6Q9qDtvbmBNwJp7Q=
  dependencies:
    "@bbva-web-components/bbva-core-lit-helpers" "^1.3.0"

"@bbva-web-components/bbva-core-generic-dp@^1.0.7", "@bbva-web-components/bbva-core-generic-dp@^1.2.4":
  version "1.2.4"
  resolved "https://globaldevtools.bbva.com:443/artifactory/api/npm/npm-repo/@bbva-web-components/bbva-core-generic-dp/-/@bbva-web-components/bbva-core-generic-dp-1.2.4.tgz#6e5001583d1a8ce530580e4b780d090fb6a81da1"
  integrity sha1-blABWD0ajOUwWA5LeA0JD7aoHaE=
  dependencies:
    "@bbva-web-components/bbva-core-lit-helpers" "^1.3.0"
    lit-element "^2.0.0"
    rxjs "^6.5.2"

"@bbva-web-components/bbva-core-icon@^1.0.0":
  version "1.4.6"
  resolved "https://globaldevtools.bbva.com:443/artifactory/api/npm/npm-repo/@bbva-web-components/bbva-core-icon/-/@bbva-web-components/bbva-core-icon-1.4.6.tgz#78242afd8a3f624ed076b00aa0c16f5fdc1d55c0"
  integrity sha1-eCQq/Yo/Yk7QdrAKoMFvX9wdVcA=
  dependencies:
    "@bbva-web-components/bbva-core-lit-helpers" "^1.3.0"
    "@bbva-web-components/bbva-core-meta" "^1.2.3"
    lit-element "^2.0.0"

"@bbva-web-components/bbva-core-iconset@^1.0.0":
  version "1.1.19"
  resolved "https://globaldevtools.bbva.com:443/artifactory/api/npm/npm-repo/@bbva-web-components/bbva-core-iconset/-/@bbva-web-components/bbva-core-iconset-1.1.19.tgz#b64acd79b8cc53a585f8bf87d79363557579af04"
  integrity sha1-tkrNebjMU6WF+L+H15NjVXV5rwQ=
  dependencies:
    "@bbva-web-components/bbva-core-meta" "^1.2.3"
    lit-element "^2.0.0"

"@bbva-web-components/bbva-core-input@^1.0.0":
  version "1.2.15"
  resolved "https://globaldevtools.bbva.com:443/artifactory/api/npm/npm-repo/@bbva-web-components/bbva-core-input/-/@bbva-web-components/bbva-core-input-1.2.15.tgz#83df785cca4a5220af9d3443cab58382d8ac5df4"
  integrity sha1-g994XMpKUiCvnTRDyrWDgtisXfQ=
  dependencies:
    "@bbva-web-components/bbva-core-delegate-attributes-mixin" "^1.1.5"
    "@bbva-web-components/bbva-core-focus-visible-mixin" "^1.0.15"
    "@bbva-web-components/bbva-core-lit-helpers" "^1.3.0"
    "@bbva-web-components/bbva-core-validatable-mixin" "^1.0.16"
    lit-element "^2.2.1"
    lit-html "^1.1.2"

"@bbva-web-components/bbva-core-intl-mixin@^1.0.0", "@bbva-web-components/bbva-core-intl-mixin@~1.0.5":
  version "1.0.8"
  resolved "https://globaldevtools.bbva.com:443/artifactory/api/npm/npm-repo/@bbva-web-components/bbva-core-intl-mixin/-/@bbva-web-components/bbva-core-intl-mixin-1.0.8.tgz#13dc444a47a2c27964ffd383af1f1d2b909136c5"
  integrity sha1-E9xESkeiwnlk/9ODrx8dK5CRNsU=
  dependencies:
    "@bbva-web-components/bbva-core-generic-dp" "^1.0.7"
    "@bbva-web-components/bbva-core-lit-helpers" "^1.0.6"
    intl-messageformat "~8.0.0"

"@bbva-web-components/bbva-core-lit-helpers@^1.0.0", "@bbva-web-components/bbva-core-lit-helpers@^1.0.4", "@bbva-web-components/bbva-core-lit-helpers@^1.0.6", "@bbva-web-components/bbva-core-lit-helpers@^1.3.0":
  version "1.3.0"
  resolved "https://globaldevtools.bbva.com:443/artifactory/api/npm/npm-repo/@bbva-web-components/bbva-core-lit-helpers/-/@bbva-web-components/bbva-core-lit-helpers-1.3.0.tgz#59a325640ee4ec7307792bcb9667e690d99a5e4e"
  integrity sha1-WaMlZA7k7HMHeSvLlmfmkNmaXk4=
  dependencies:
    "@bbva-web-components/bbva-core-meta" "^1.2.3"
    "@webcomponents/shadycss" "^1.9.0"
    lit-element "^2.0.0"
    lit-html "^1.0.0"

"@bbva-web-components/bbva-core-meta@^1.0.0", "@bbva-web-components/bbva-core-meta@^1.2.3":
  version "1.2.3"
  resolved "https://globaldevtools.bbva.com:443/artifactory/api/npm/npm-repo/@bbva-web-components/bbva-core-meta/-/@bbva-web-components/bbva-core-meta-1.2.3.tgz#5bf748328b66cd3da8621d1d6320e561a3379079"
  integrity sha1-W/dIMotmzT2oYh0dYyDlYaM3kHk=

"@bbva-web-components/bbva-core-modal@^1.0.0":
  version "1.5.0"
  resolved "https://globaldevtools.bbva.com:443/artifactory/api/npm/npm-repo/@bbva-web-components/bbva-core-modal/-/@bbva-web-components/bbva-core-modal-1.5.0.tgz#5ea42361850d01e4b8fda5ca1909eae02c1c8151"
  integrity sha1-XqQjYYUNAeS4/aXKGQnq4CwcgVE=
  dependencies:
    "@bbva-web-components/bbva-core-lit-helpers" "^1.3.0"
    lit-element "^2.0.0"

"@bbva-web-components/bbva-core-scoping-ambients-shim@~1.0.1":
  version "1.0.3"
  resolved "https://globaldevtools.bbva.com:443/artifactory/api/npm/npm-repo/@bbva-web-components/bbva-core-scoping-ambients-shim/-/@bbva-web-components/bbva-core-scoping-ambients-shim-1.0.3.tgz#c2416f02c0dc80b07da6922e9005d8b52f096925"
  integrity sha1-wkFvAsDcgLB9ppIukAXYtS8JaSU=
  dependencies:
    "@webcomponents/shadycss" "^1.9.6"

"@bbva-web-components/bbva-core-validatable-mixin@^1.0.16":
  version "1.0.16"
  resolved "https://globaldevtools.bbva.com:443/artifactory/api/npm/npm-repo/@bbva-web-components/bbva-core-validatable-mixin/-/@bbva-web-components/bbva-core-validatable-mixin-1.0.16.tgz#dc57f60887f3306fd948f90a410b1f2414f4383f"
  integrity sha1-3Ff2CIfzMG/ZSPkKQQsfJBT0OD8=
  dependencies:
    "@bbva-web-components/bbva-core-lit-helpers" "^1.3.0"
    "@bbva-web-components/bbva-core-meta" "^1.2.3"
    lit-element "^2.0.0"

"@bbva-web-components/bbva-disable-mixin@^1.1.0":
  version "1.1.0"
  resolved "https://globaldevtools.bbva.com:443/artifactory/api/npm/npm-repo/@bbva-web-components/bbva-disable-mixin/-/@bbva-web-components/bbva-disable-mixin-1.1.0.tgz#19d6bc7d4f8383cf178899efc5cf218d4824ce9e"
  integrity sha1-Gda8fU+Dg88XiJnvxc8hjUgkzp4=
  dependencies:
    "@bbva-web-components/bbva-core-lit-helpers" "^1.0.0"
    "@bbva-web-components/bbva-foundations-styles" "^2.0.0"
    lit-element "^2.0.0"

"@bbva-web-components/bbva-form-field@^4.21.0", "@bbva-web-components/bbva-form-field@~4.21.0":
  version "4.21.0"
  resolved "https://globaldevtools.bbva.com:443/artifactory/api/npm/npm-repo/@bbva-web-components/bbva-form-field/-/@bbva-web-components/bbva-form-field-4.21.0.tgz#fced9bab1c7660789347664c6677e73b6d2e4daf"
  integrity sha1-/O2bqxx2YHiTR2ZMZnfnO20uTa8=
  dependencies:
    "@bbva-web-components/bbva-button-icon" "^4.0.0"
    "@bbva-web-components/bbva-core-icon" "^1.0.0"
    "@bbva-web-components/bbva-core-input" "^1.0.0"
    "@bbva-web-components/bbva-core-intl-mixin" "^1.0.0"
    "@bbva-web-components/bbva-core-lit-helpers" "^1.0.0"
    "@bbva-web-components/bbva-foundations-icons" "^1.0.0"
    "@bbva-web-components/bbva-foundations-styles" "^2.0.0"
    "@bbva-web-components/bbva-text" "^1.0.0"
    lit-element "^2.0.0"
    lit-html "^1.0.0"

"@bbva-web-components/bbva-form-password@~3.9.0":
  version "3.9.10"
  resolved "https://globaldevtools.bbva.com:443/artifactory/api/npm/npm-repo/@bbva-web-components/bbva-form-password/-/@bbva-web-components/bbva-form-password-3.9.10.tgz#a45d9271d6c99b2025784db7d0797ff43a09d2a7"
  integrity sha1-pF2ScdbJmyAleE230Hl/9DoJ0qc=
  dependencies:
    "@bbva-web-components/bbva-button-icon" "^4.11.1"
    "@bbva-web-components/bbva-core-intl-mixin" "^1.0.0"
    "@bbva-web-components/bbva-core-lit-helpers" "^1.0.0"
    "@bbva-web-components/bbva-form-field" "^4.21.0"
    "@bbva-web-components/bbva-foundations-icons" "^1.0.0"
    "@bbva-web-components/bbva-foundations-styles" "^2.0.0"
    lit-element "^2.0.0"
    lit-html "^1.0.0"

"@bbva-web-components/bbva-foundations-ellipsis@^1.0.0":
  version "1.0.0"
  resolved "https://globaldevtools.bbva.com:443/artifactory/api/npm/npm-repo/@bbva-web-components/bbva-foundations-ellipsis/-/@bbva-web-components/bbva-foundations-ellipsis-1.0.0.tgz#b11d60bcb579e001e0c7dee7c335ab8f83d4e2e3"
  integrity sha1-sR1gvLV54AHgx97nwzWrj4PU4uM=
  dependencies:
    lit-element "^2.0.0"

"@bbva-web-components/bbva-foundations-entities@^1.0.0":
  version "1.0.4"
  resolved "https://globaldevtools.bbva.com:443/artifactory/api/npm/npm-repo/@bbva-web-components/bbva-foundations-entities/-/@bbva-web-components/bbva-foundations-entities-1.0.4.tgz#bf06c5908583e53c80239d55eb60e46c078fd18e"
  integrity sha1-vwbFkIWD5TyAI51V62DkbAeP0Y4=
  dependencies:
    "@bbva-web-components/bbva-core-iconset" "^1.0.0"
    "@bbva-web-components/bbva-core-lit-helpers" "^1.0.0"

"@bbva-web-components/bbva-foundations-icons@^1.0.0":
  version "1.10.0"
  resolved "https://globaldevtools.bbva.com:443/artifactory/api/npm/npm-repo/@bbva-web-components/bbva-foundations-icons/-/@bbva-web-components/bbva-foundations-icons-1.10.0.tgz#2bbf69c2d951484eef7a84fdec37b7e67a63f9c5"
  integrity sha1-K79pwtlRSE7veoT97De35npj+cU=
  dependencies:
    "@bbva-web-components/bbva-core-iconset" "^1.0.0"
    "@bbva-web-components/bbva-core-lit-helpers" "^1.0.0"

"@bbva-web-components/bbva-foundations-microillustrations@^5.0.0":
  version "5.2.0"
  resolved "https://globaldevtools.bbva.com:443/artifactory/api/npm/npm-repo/@bbva-web-components/bbva-foundations-microillustrations/-/@bbva-web-components/bbva-foundations-microillustrations-5.2.0.tgz#6dda74457721d10454e61ed298eb17ba64e23f47"
  integrity sha1-bdp0RXch0QRU5h7SmOsXumTiP0c=
  dependencies:
    lit-element "^2.0.0"

"@bbva-web-components/bbva-foundations-photo-treatments@^1.0.17":
  version "1.0.17"
  resolved "https://globaldevtools.bbva.com:443/artifactory/api/npm/npm-repo/@bbva-web-components/bbva-foundations-photo-treatments/-/@bbva-web-components/bbva-foundations-photo-treatments-1.0.17.tgz#a18fb1d16e23029c9f17919ffdc580a22222bb97"
  integrity sha1-oY+x0W4jApyfF5Gf/cWAoiIiu5c=
  dependencies:
    "@bbva-web-components/bbva-core-lit-helpers" "^1.0.0"
    "@bbva-web-components/bbva-foundations-styles" "^2.7.0"
    lit-element "^2.0.0"

"@bbva-web-components/bbva-foundations-styles@^2.0.0", "@bbva-web-components/bbva-foundations-styles@^2.3.5", "@bbva-web-components/bbva-foundations-styles@^2.7.0":
  version "2.7.0"
  resolved "https://globaldevtools.bbva.com:443/artifactory/api/npm/npm-repo/@bbva-web-components/bbva-foundations-styles/-/@bbva-web-components/bbva-foundations-styles-2.7.0.tgz#30dd2a26b2f290ff7cf80ec54d8b088052db43da"
  integrity sha1-MN0qJrLykP98+A7FTYsIgFLbQ9o=
  dependencies:
    "@bbva-web-components/bbva-foundations-ellipsis" "^1.0.0"
    "@bbva-web-components/bbva-foundations-photo-treatments" "^1.0.17"
    "@bbva-web-components/bbva-foundations-tokens" "^1.2.0"
    "@bbva-web-components/bbva-foundations-tools" "^1.2.1"
    lit-element "^2.0.0"

"@bbva-web-components/bbva-foundations-theme@~2.4.0":
  version "2.4.0"
  resolved "https://globaldevtools.bbva.com:443/artifactory/api/npm/npm-repo/@bbva-web-components/bbva-foundations-theme/-/@bbva-web-components/bbva-foundations-theme-2.4.0.tgz#d46a8d1fe9f098d0ac508c137a12602774ed393e"
  integrity sha1-1GqNH+nwmNCsUIwTehJgJ3TtOT4=
  dependencies:
    "@bbva-web-components/bbva-core-lit-helpers" "^1.0.0"
    "@bbva-web-components/bbva-foundations-styles" "^2.7.0"
    lit-element "^2.0.0"

"@bbva-web-components/bbva-foundations-tokens@^1.2.0":
  version "1.2.0"
  resolved "https://globaldevtools.bbva.com:443/artifactory/api/npm/npm-repo/@bbva-web-components/bbva-foundations-tokens/-/@bbva-web-components/bbva-foundations-tokens-1.2.0.tgz#49cb37886e07f006b2cf478d1b842358cb21da0b"
  integrity sha1-Scs3iG4H8Aayz0eNG4QjWMsh2gs=

"@bbva-web-components/bbva-foundations-tools@^1.2.1":
  version "1.2.1"
  resolved "https://globaldevtools.bbva.com:443/artifactory/api/npm/npm-repo/@bbva-web-components/bbva-foundations-tools/-/@bbva-web-components/bbva-foundations-tools-1.2.1.tgz#2103992aeb8f4407d50c09f69054e7263f989a7b"
  integrity sha1-IQOZKuuPRAfVDAn2kFTnJj+Ymns=
  dependencies:
    "@bbva-web-components/bbva-foundations-tokens" "^1.2.0"
    esm "^3.2.25"
    lit-element "^2.0.0"

"@bbva-web-components/bbva-header-main@^7.0.0", "@bbva-web-components/bbva-header-main@~7.3.1":
  version "7.3.1"
  resolved "https://globaldevtools.bbva.com:443/artifactory/api/npm/npm-repo/@bbva-web-components/bbva-header-main/-/@bbva-web-components/bbva-header-main-7.3.1.tgz#434630f3c7ab703ba76849c7f6b695b752a6198d"
  integrity sha1-Q0Yw88ercDunaEnH9raVt1KmGY0=
  dependencies:
    "@bbva-web-components/bbva-badge-notification" "^4.0.0"
    "@bbva-web-components/bbva-core-focus-visible-mixin" "^1.0.0"
    "@bbva-web-components/bbva-core-icon" "^1.0.0"
    "@bbva-web-components/bbva-core-intl-mixin" "^1.0.0"
    "@bbva-web-components/bbva-core-lit-helpers" "^1.0.0"
    "@bbva-web-components/bbva-foundations-microillustrations" "^5.0.0"
    "@bbva-web-components/bbva-foundations-styles" "^2.0.0"
    lit-element "^2.0.0"
    lit-html "^1.0.0"

"@bbva-web-components/bbva-help-modal@~4.5.0":
  version "4.5.0"
  resolved "https://globaldevtools.bbva.com:443/artifactory/api/npm/npm-repo/@bbva-web-components/bbva-help-modal/-/@bbva-web-components/bbva-help-modal-4.5.0.tgz#4d69e91be5c77f807d2cbae62d8378034082f0f8"
  integrity sha1-TWnpG+XHf4B9LLrmLYN4A0CC8Pg=
  dependencies:
    "@bbva-web-components/bbva-button-default" "^5.9.13"
    "@bbva-web-components/bbva-core-icon" "^1.0.0"
    "@bbva-web-components/bbva-core-intl-mixin" "^1.0.0"
    "@bbva-web-components/bbva-core-lit-helpers" "^1.0.0"
    "@bbva-web-components/bbva-core-modal" "^1.0.0"
    "@bbva-web-components/bbva-foundations-icons" "^1.0.0"
    "@bbva-web-components/bbva-foundations-styles" "^2.0.0"
    "@bbva-web-components/bbva-header-main" "^7.0.0"
    "@bbva-web-components/bbva-link" "^3.0.0"
    lit-element "^2.0.0"
    lit-html "^1.0.0"

"@bbva-web-components/bbva-link@^3.0.0":
  version "3.9.1"
  resolved "https://globaldevtools.bbva.com:443/artifactory/api/npm/npm-repo/@bbva-web-components/bbva-link/-/@bbva-web-components/bbva-link-3.9.1.tgz#82ff0d6a90574ba1ec7714e6d4394959bb3bb89c"
  integrity sha1-gv8NapBXS6HsdxTm1DlJWbs7uJw=
  dependencies:
    "@bbva-web-components/bbva-core-action" "^2.0.0"
    "@bbva-web-components/bbva-core-icon" "^1.0.0"
    "@bbva-web-components/bbva-core-lit-helpers" "^1.0.0"
    "@bbva-web-components/bbva-foundations-styles" "^2.0.0"
    lit-element "^2.0.0"
    lit-html "^1.0.0"

"@bbva-web-components/bbva-list-info@~3.0.0":
  version "3.0.2"
  resolved "https://globaldevtools.bbva.com:443/artifactory/api/npm/npm-repo/@bbva-web-components/bbva-list-info/-/@bbva-web-components/bbva-list-info-3.0.2.tgz#cab36c8b4c174cb9118f48b4a801ebabbf99ece3"
  integrity sha1-yrNsi0wXTLkRj0i0qAHrq7+Z7OM=
  dependencies:
    "@bbva-web-components/bbva-core-icon" "^1.0.0"
    "@bbva-web-components/bbva-core-lit-helpers" "^1.0.0"
    "@bbva-web-components/bbva-foundations-styles" "^2.0.0"
    lit-element "^2.0.0"

"@bbva-web-components/bbva-list-movement@~5.3.2":
  version "5.3.2"
  resolved "https://globaldevtools.bbva.com:443/artifactory/api/npm/npm-repo/@bbva-web-components/bbva-list-movement/-/@bbva-web-components/bbva-list-movement-5.3.2.tgz#9e7d5d8247749a12acd1cb60e6ddf8decad7a3fd"
  integrity sha1-nn1dgkd0mhKs0ctg5t343srXo/0=
  dependencies:
    "@bbva-web-components/bbva-amount" "^9.10.0"
    "@bbva-web-components/bbva-badge-default" "^5.0.0"
    "@bbva-web-components/bbva-badge-highlight" "^1.3.8"
    "@bbva-web-components/bbva-clip-box" "^4.4.0"
    "@bbva-web-components/bbva-clip-entities" "^3.0.0"
    "@bbva-web-components/bbva-core-amount-mixin" "^1.0.0"
    "@bbva-web-components/bbva-core-icon" "^1.0.0"
    "@bbva-web-components/bbva-core-lit-helpers" "^1.0.0"
    "@bbva-web-components/bbva-foundations-icons" "^1.0.0"
    "@bbva-web-components/bbva-foundations-styles" "^2.0.0"
    "@bbva-web-components/bbva-link" "^3.0.0"
    lit-element "^2.0.0"
    lit-html "^1.0.0"

"@bbva-web-components/bbva-list-simple@~6.1.2":
  version "6.1.3"
  resolved "https://globaldevtools.bbva.com:443/artifactory/api/npm/npm-repo/@bbva-web-components/bbva-list-simple/-/@bbva-web-components/bbva-list-simple-6.1.3.tgz#c14623aac38200d60882fc2b0e97d629c1d38088"
  integrity sha1-wUYjqsOCANYIgvwrDpfWKcHTgIg=
  dependencies:
    "@bbva-web-components/bbva-amount" "^9.0.0"
    "@bbva-web-components/bbva-badge-variability" "^1.3.0"
    "@bbva-web-components/bbva-core-amount-currency-mixin" "^1.0.0"
    "@bbva-web-components/bbva-core-amount-format-mixin" "^1.0.0"
    "@bbva-web-components/bbva-core-focus-visible-mixin" "^1.0.0"
    "@bbva-web-components/bbva-core-icon" "^1.0.0"
    "@bbva-web-components/bbva-core-lit-helpers" "^1.0.0"
    "@bbva-web-components/bbva-disable-mixin" "^1.1.0"
    "@bbva-web-components/bbva-foundations-styles" "^2.0.0"
    "@bbva-web-components/bbva-link" "^3.0.0"
    "@bbva-web-components/bbva-text" "^1.12.2"
    lit-element "^2.0.0"
    lit-html "^1.0.0"

"@bbva-web-components/bbva-text@^1.0.0", "@bbva-web-components/bbva-text@^1.12.2":
  version "1.12.2"
  resolved "https://globaldevtools.bbva.com:443/artifactory/api/npm/npm-repo/@bbva-web-components/bbva-text/-/@bbva-web-components/bbva-text-1.12.2.tgz#fed2c747cd62d6a5ba1b2c4f28af6a60728524a3"
  integrity sha1-/tLHR81i1qW6GyxPKK9qYHKFJKM=
  dependencies:
    "@bbva-web-components/bbva-core-lit-helpers" "^1.0.0"
    "@bbva-web-components/bbva-foundations-ellipsis" "^1.0.0"
    "@bbva-web-components/bbva-foundations-styles" "^2.0.0"
    lit-element "^2.0.0"
    lit-html "^1.0.0"

"@cells-components/cells-app-drawer@^0.2.8":
  version "0.2.8"
  resolved "https://globaldevtools.bbva.com:443/artifactory/api/npm/npm-repo/@cells-components/cells-app-drawer/-/@cells-components/cells-app-drawer-0.2.8.tgz#8402efbfc4173635065a4d17f06d2ce77910b398"
  integrity sha1-hALvv8QXNjUGWk0X8G0s53kQs5g=
  dependencies:
    "@cells-components/cells-lit-helpers" "^1.3.2"
    "@cells-components/cells-media-query" "^1.0.43"
    "@cells-components/cells-resizable-mixin" "^1.0.31"
    "@cells-components/cells-selector" "^1.0.0"
    lit-element "^2.0.0"

"@cells-components/cells-icon@^2.0.8":
  version "2.0.8"
  resolved "https://globaldevtools.bbva.com:443/artifactory/api/npm/npm-repo/@cells-components/cells-icon/-/@cells-components/cells-icon-2.0.8.tgz#656d1b6b0e570f47a52099a83ff50abc492b8148"
  integrity sha1-ZW0baw5XD0elIJmoP/UKvEkrgUg=
  dependencies:
    "@cells-components/cells-iron-meta" "^1.0.44"
    "@cells-components/cells-lit-helpers" "^1.3.2"
    lit-element "^2.0.1"

"@cells-components/cells-iconset-svg@^1.2.21":
  version "1.2.21"
  resolved "https://globaldevtools.bbva.com:443/artifactory/api/npm/npm-repo/@cells-components/cells-iconset-svg/-/@cells-components/cells-iconset-svg-1.2.21.tgz#25ed10fa3f4acd1dd8db8e359fd1e5922c750b6e"
  integrity sha1-Je0Q+j9KzR3Y2441n9Hlkix1C24=
  dependencies:
    "@cells-components/cells-iron-meta" "^1.0.44"
    lit-element "^2.0.1"

"@cells-components/cells-iron-meta@^1.0.44":
  version "1.0.44"
  resolved "https://globaldevtools.bbva.com:443/artifactory/api/npm/npm-repo/@cells-components/cells-iron-meta/-/@cells-components/cells-iron-meta-1.0.44.tgz#fd42c127bf2ff71bc757fde7dc018f770db1d0cd"
  integrity sha1-/ULBJ78v9xvHV/3n3AGPdw2x0M0=
  dependencies:
    "@bbva-web-components/bbva-core-meta" "^1.0.0"
    "@cells-components/cells-lit-helpers" "^1.3.2"
    lit-element "^2.0.1"

"@cells-components/cells-lit-helpers@^1.0.0", "@cells-components/cells-lit-helpers@^1.3.2":
  version "1.3.2"
  resolved "https://globaldevtools.bbva.com:443/artifactory/api/npm/npm-repo/@cells-components/cells-lit-helpers/-/@cells-components/cells-lit-helpers-1.3.2.tgz#468a74617c70bce3e9d5c764cf3f3028f93e1414"
  integrity sha1-Rop0YXxwvOPp1cdkzz8wKPk+FBQ=
  dependencies:
    "@bbva-web-components/bbva-core-lit-helpers" "^1.0.0"
    "@webcomponents/shadycss" "^1.9.0"
    lit-html "^1.0.0"

"@cells-components/cells-media-query@^1.0.43":
  version "1.0.43"
  resolved "https://globaldevtools.bbva.com:443/artifactory/api/npm/npm-repo/@cells-components/cells-media-query/-/@cells-components/cells-media-query-1.0.43.tgz#0ab115fdd8f4a46a5a02856c3f1f1ee23dc85a11"
  integrity sha1-CrEV/dj0pGpaAoVsPx8e4j3IWhE=
  dependencies:
    lit-element "^2.0.0"

"@cells-components/cells-paper-scroll-header-panel@^0.2.8":
  version "0.2.8"
  resolved "https://globaldevtools.bbva.com:443/artifactory/api/npm/npm-repo/@cells-components/cells-paper-scroll-header-panel/-/@cells-components/cells-paper-scroll-header-panel-0.2.8.tgz#181e0704dd393e3c817c9c0f69459e4805f50c44"
  integrity sha1-GB4HBN05PjyBfJwPaUWeSAX1DEQ=
  dependencies:
    "@cells-components/cells-lit-helpers" "^1.3.2"
    "@cells-components/cells-resizable-mixin" "^1.0.31"
    lit-element "^2.0.0"
    lit-html "^1.0.0"

"@cells-components/cells-resizable-mixin@^1.0.31":
  version "1.0.31"
  resolved "https://globaldevtools.bbva.com:443/artifactory/api/npm/npm-repo/@cells-components/cells-resizable-mixin/-/@cells-components/cells-resizable-mixin-1.0.31.tgz#261d2c4a39436e0516cd72b6730d55ed725637b5"
  integrity sha1-Jh0sSjlDbgUWzXK2cw1V7XJWN7U=
  dependencies:
    "@cells-components/cells-lit-helpers" "^1.3.2"
    lit-element "^2.0.0"

"@cells-components/cells-selector@^1.0.0":
  version "1.0.7"
  resolved "https://globaldevtools.bbva.com:443/artifactory/api/npm/npm-repo/@cells-components/cells-selector/-/@cells-components/cells-selector-1.0.7.tgz#2a926c21b44c8009c611929911f87f36e5e78da2"
  integrity sha1-KpJsIbRMgAnGEZKZEfh/NuXnjaI=
  dependencies:
    "@cells-components/cells-lit-helpers" "^1.0.0"
    lit-element "^2.0.0"

"@cells-components/cells-skeleton-group@^2.0.7":
  version "2.0.7"
  resolved "https://globaldevtools.bbva.com:443/artifactory/api/npm/npm-repo/@cells-components/cells-skeleton-group/-/@cells-components/cells-skeleton-group-2.0.7.tgz#f2866950ab1ffbf2ef953b5701025737c7d3d1f5"
  integrity sha1-8oZpUKsf+/LvlTtXAQJXN8fT0fU=
  dependencies:
    "@cells-components/cells-lit-helpers" "^1.3.2"
    "@cells-components/cells-skeleton-item" "^2.0.7"
    lit-element "^2.0.1"

"@cells-components/cells-skeleton-item@^2.0.7":
  version "2.0.7"
  resolved "https://globaldevtools.bbva.com:443/artifactory/api/npm/npm-repo/@cells-components/cells-skeleton-item/-/@cells-components/cells-skeleton-item-2.0.7.tgz#29c67a0c179de965dc1ba2876b8a8ae1520e3949"
  integrity sha1-KcZ6DBed6WXcG6KHa4qK4VIOOUk=
  dependencies:
    "@cells-components/cells-lit-helpers" "^1.3.2"
    lit-element "^2.0.1"

"@cells-components/cells-skeleton-loading-page@~2.0.6":
  version "2.0.7"
  resolved "https://globaldevtools.bbva.com:443/artifactory/api/npm/npm-repo/@cells-components/cells-skeleton-loading-page/-/@cells-components/cells-skeleton-loading-page-2.0.7.tgz#14d2d7cbb8798569414831398bfcb18ef552f0fb"
  integrity sha1-FNLXy7h5hWlBSDE5i/yxjvVS8Ps=
  dependencies:
    "@cells-components/cells-lit-helpers" "^1.3.2"
    "@cells-components/cells-skeleton-group" "^2.0.7"
    lit-element "^2.0.1"

"@cells-components/cells-template-animation-mixin@^0.1.15":
  version "0.1.15"
  resolved "https://globaldevtools.bbva.com:443/artifactory/api/npm/npm-repo/@cells-components/cells-template-animation-mixin/-/@cells-components/cells-template-animation-mixin-0.1.15.tgz#9d64e23f516eb36b049d4297bec17a25f85b7ce9"
  integrity sha1-nWTiP1Fus2sEnUKXvsF6JfhbfOk=
  dependencies:
    "@cells-components/cells-lit-helpers" "^1.3.2"
    lit-element "^2.0.0"

"@cells-components/cells-template-paper-drawer-panel@~2.0.7":
  version "2.0.12"
  resolved "https://globaldevtools.bbva.com:443/artifactory/api/npm/npm-repo/@cells-components/cells-template-paper-drawer-panel/-/@cells-components/cells-template-paper-drawer-panel-2.0.12.tgz#87768becdb6bb1515bd29c718e6b9cff2898dc31"
  integrity sha1-h3aL7NtrsVFb0pxxjmuc/yiY3DE=
  dependencies:
    "@cells-components/cells-app-drawer" "^0.2.8"
    "@cells-components/cells-lit-helpers" "^1.3.2"
    "@cells-components/cells-paper-scroll-header-panel" "^0.2.8"
    "@cells-components/cells-template-animation-mixin" "^0.1.15"
    lit-element "^2.0.0"

"@cells-components/coronita-icons@~1.0.62":
  version "1.0.66"
  resolved "https://globaldevtools.bbva.com:443/artifactory/api/npm/npm-repo/@cells-components/coronita-icons/-/@cells-components/coronita-icons-1.0.66.tgz#c28c084b5913505ae3a464c4fc755e8570000c6e"
  integrity sha1-wowIS1kTUFrjpGTE/HVehXAADG4=
  dependencies:
    "@cells-components/cells-icon" "^2.0.8"
    "@cells-components/cells-iconset-svg" "^1.2.21"

"@cells/cells-bridge@~3.16.0":
  version "3.16.0"
  resolved "https://globaldevtools.bbva.com:443/artifactory/api/npm/npm-repo/@cells/cells-bridge/-/@cells/cells-bridge-3.16.0.tgz#1051e85996073c53659ee9409ffa0467b2fde385"
  integrity sha1-EFHoWZYHPFNlnulAn/oEZ7L944U=
  dependencies:
    cells-semaas-adapter "^2.1.1"
    es5-dot-prop "^4.1.1"
    rxjs "^6.4.0"

"@cells/cells-element@^1.2.0", "@cells/cells-element@~1.2.1":
  version "1.2.1"
  resolved "https://globaldevtools.bbva.com:443/artifactory/api/npm/npm-repo/@cells/cells-element/-/@cells/cells-element-1.2.1.tgz#67e7636639911665253769e9a8c73e3854bda20e"
  integrity sha1-Z+djZjmRFmUlN2npqMc+OFS9og4=
  dependencies:
    "@bbva-web-components/bbva-core-lit-helpers" "^1.0.4"
    "@bbva-web-components/bbva-foundations-styles" "^2.3.5"
    lit-element "^2.0.0"

"@cells/cells-page@~1.2.1":
  version "1.2.1"
  resolved "https://globaldevtools.bbva.com:443/artifactory/api/npm/npm-repo/@cells/cells-page/-/@cells/cells-page-1.2.1.tgz#7fcea011edced0d14054934c97d577ffc39d3e98"
  integrity sha1-f86gEe3O0NFAVJNMl9V3/8OdPpg=
  dependencies:
    "@bbva-web-components/bbva-core-lit-helpers" "^1.0.4"
    "@bbva-web-components/bbva-foundations-styles" "^2.3.5"
    "@cells/cells-element" "^1.2.0"
    lit-element "^2.0.0"

"@formatjs/intl-unified-numberformat@^3.3.3":
  version "3.3.7"
  resolved "https://globaldevtools.bbva.com:443/artifactory/api/npm/npm-repo/@formatjs/intl-unified-numberformat/-/intl-unified-numberformat-3.3.7.tgz#9995a24568908188e716d81a1de5b702b2ee00e2"
  integrity sha1-mZWiRWiQgYjnFtgaHeW3ArLuAOI=
  dependencies:
    "@formatjs/intl-utils" "^2.3.0"

"@formatjs/intl-utils@^2.3.0":
  version "2.3.0"
  resolved "https://globaldevtools.bbva.com:443/artifactory/api/npm/npm-repo/@formatjs/intl-utils/-/intl-utils-2.3.0.tgz#2dc8c57044de0340eb53a7ba602e59abf80dc799"
  integrity sha1-LcjFcETeA0DrU6e6YC5Zq/gNx5k=

"@open-wc/lit-helpers@~0.3.11":
  version "0.3.12"
  resolved "https://globaldevtools.bbva.com:443/artifactory/api/npm/npm-repo/@open-wc/lit-helpers/-/lit-helpers-0.3.12.tgz#11bf0731185a88ca50ed740908e91fd4436ba69d"
  integrity sha1-Eb8HMRhaiMpQ7XQJCOkf1ENrpp0=

"@webcomponents/shadycss@^1.9.0", "@webcomponents/shadycss@^1.9.6":
  version "1.11.0"
  resolved "https://globaldevtools.bbva.com:443/artifactory/api/npm/npm-repo/@webcomponents/shadycss/-/shadycss-1.11.0.tgz#73e289996c002d8be694cd3be0e83c46ad25e7e0"
  integrity sha1-c+KJmWwALYvmlM074Og8Rq0l5+A=

"@webcomponents/webcomponentsjs@~2.4.4":
  version "2.4.4"
  resolved "https://globaldevtools.bbva.com:443/artifactory/api/npm/npm-repo/@webcomponents/webcomponentsjs/-/webcomponentsjs-2.4.4.tgz#14b7e78da47f8f0071ff96c35335b871534179bc"
  integrity sha1-FLfnjaR/jwBx/5bDUzW4cVNBebw=

cells-app-template@~6.0.0:
  version "6.0.0"
  resolved "https://globaldevtools.bbva.com:443/artifactory/api/npm/npm-repo/cells-app-template/-/cells-app-template-6.0.0.tgz#fbec9c2309b54f3486109a1610dc2a6f37177c05"
  integrity sha1-++ycIwm1TzSGEJoWENwqbzcXfAU=

cells-semaas-adapter@^2.1.1:
  version "2.1.1"
  resolved "https://globaldevtools.bbva.com:443/artifactory/api/npm/npm-repo/cells-semaas-adapter/-/cells-semaas-adapter-2.1.1.tgz#71e5dd5195fdd110f519871f94505a4551e28646"
  integrity sha1-ceXdUZX90RD1GYcflFBaRVHihkY=

es5-dot-prop@^4.1.1:
  version "4.1.1"
  resolved "https://globaldevtools.bbva.com:443/artifactory/api/npm/npm-repo/es5-dot-prop/-/es5-dot-prop-4.1.1.tgz#72102153eabb3740d66b735da616e2dd9be5737b"
  integrity sha1-chAhU+q7N0DWa3Ndphbi3Zvlc3s=
  dependencies:
    is-obj "^1.0.0"

esm@^3.2.25:
  version "3.2.25"
  resolved "https://globaldevtools.bbva.com:443/artifactory/api/npm/npm-repo/esm/-/esm-3.2.25.tgz#342c18c29d56157688ba5ce31f8431fbb795cc10"
  integrity sha1-NCwYwp1WFXaIulzjH4Qx+7eVzBA=

intl-format-cache@^4.2.21:
  version "4.3.1"
  resolved "https://globaldevtools.bbva.com:443/artifactory/api/npm/npm-repo/intl-format-cache/-/intl-format-cache-4.3.1.tgz#484d31a9872161e6c02139349b259a6229ade377"
  integrity sha1-SE0xqYchYebAITk0myWaYimt43c=

intl-messageformat-parser@^4.0.0:
  version "4.1.4"
  resolved "https://globaldevtools.bbva.com:443/artifactory/api/npm/npm-repo/intl-messageformat-parser/-/intl-messageformat-parser-4.1.4.tgz#98f3415e6990d44bebf2e0ad8e4cfbacf3ef5ed3"
  integrity sha1-mPNBXmmQ1Evr8uCtjkz7rPPvXtM=
  dependencies:
    "@formatjs/intl-unified-numberformat" "^3.3.3"

intl-messageformat@~8.0.0:
  version "8.0.0"
  resolved "https://globaldevtools.bbva.com:443/artifactory/api/npm/npm-repo/intl-messageformat/-/intl-messageformat-8.0.0.tgz#eb4fe90059288d60b48156e95a2abcdd14d492f1"
  integrity sha1-60/pAFkojWC0gVbpWiq83RTUkvE=
  dependencies:
    intl-format-cache "^4.2.21"
    intl-messageformat-parser "^4.0.0"

is-obj@^1.0.0:
  version "1.0.1"
  resolved "https://globaldevtools.bbva.com:443/artifactory/api/npm/npm-repo/is-obj/-/is-obj-1.0.1.tgz#3e4729ac1f5fde025cd7d83a896dab9f4f67db0f"
  integrity sha1-PkcprB9f3gJc19g6iW2rn09n2w8=

lit-element@^2.0.0, lit-element@^2.0.1, lit-element@^2.2.1:
  version "2.5.1"
  resolved "https://globaldevtools.bbva.com:443/artifactory/api/npm/npm-repo/lit-element/-/lit-element-2.5.1.tgz#3fa74b121a6cd22902409ae3859b7847d01aa6b6"
  integrity sha1-P6dLEhps0ikCQJrjhZt4R9AaprY=
  dependencies:
    lit-html "^1.1.1"

lit-html@^1.0.0, lit-html@^1.1.1, lit-html@^1.1.2:
  version "1.4.1"
  resolved "https://globaldevtools.bbva.com:443/artifactory/api/npm/npm-repo/lit-html/-/lit-html-1.4.1.tgz#0c6f3ee4ad4eb610a49831787f0478ad8e9ae5e0"
  integrity sha1-DG8+5K1OthCkmDF4fwR4rY6a5eA=

rxjs@^6.4.0, rxjs@^6.5.2:
  version "6.6.7"
  resolved "https://globaldevtools.bbva.com:443/artifactory/api/npm/npm-repo/rxjs/-/rxjs-6.6.7.tgz#90ac018acabf491bf65044235d5863c4dab804c9"
  integrity sha1-kKwBisq/SRv2UEQjXVhjxNq4BMk=
  dependencies:
    tslib "^1.9.0"

tslib@^1.9.0:
  version "1.14.1"
  resolved "https://globaldevtools.bbva.com:443/artifactory/api/npm/npm-repo/tslib/-/tslib-1.14.1.tgz#cf2d38bdc34a134bcaf1091c41f6619e2f672d00"
  integrity sha1-zy04vcNKE0vK8QkcQfZhni9nLQA=
